
Microsoft Visual Studio Solution File, Format Version 12.00
# Visual Studio 2013
VisualStudioVersion = 12.0.31101.0
MinimumVisualStudioVersion = 10.0.40219.1
Project("{FAE04EC0-301F-11D3-BF4B-00C04F79EFBC}") = "EOBOSigner", "EOBOSigner\EOBOSigner.csproj", "{8887232D-A505-4748-92FD-733F6DB36841}"
EndProject
Project("{FAE04EC0-301F-11D3-BF4B-00C04F79EFBC}") = "RevokeCert", "RevokeCert\RevokeCert.csproj", "{9B805BCF-A80D-43FA-880A-D213AC3F11F7}"
EndProject
Project("{FAE04EC0-301F-11D3-BF4B-00C04F79EFBC}") = "HSMRNG", "HSMRNG\HSMRNG.csproj", "{E36C2960-5187-4EF8-8C7C-9ECC991E0874}"
EndProject
Project("{FAE04EC0-301F-11D3-BF4B-00C04F79EFBC}") = "EnrollmentStation", "EnrollmentStation\EnrollmentStation.csproj", "{AE47EAD6-6A80-4E62-8898-6299BF9EA0A2}"
EndProject
Global
	GlobalSection(SolutionConfigurationPlatforms) = preSolution
		Debug|Any CPU = Debug|Any CPU
		Release|Any CPU = Release|Any CPU
	EndGlobalSection
	GlobalSection(ProjectConfigurationPlatforms) = postSolution
		{8887232D-A505-4748-92FD-733F6DB36841}.Debug|Any CPU.ActiveCfg = Debug|Any CPU
		{8887232D-A505-4748-92FD-733F6DB36841}.Debug|Any CPU.Build.0 = Debug|Any CPU
		{8887232D-A505-4748-92FD-733F6DB36841}.Release|Any CPU.ActiveCfg = Release|Any CPU
		{8887232D-A505-4748-92FD-733F6DB36841}.Release|Any CPU.Build.0 = Release|Any CPU
		{9B805BCF-A80D-43FA-880A-D213AC3F11F7}.Debug|Any CPU.ActiveCfg = Debug|Any CPU
		{9B805BCF-A80D-43FA-880A-D213AC3F11F7}.Debug|Any CPU.Build.0 = Debug|Any CPU
		{9B805BCF-A80D-43FA-880A-D213AC3F11F7}.Release|Any CPU.ActiveCfg = Release|Any CPU
		{9B805BCF-A80D-43FA-880A-D213AC3F11F7}.Release|Any CPU.Build.0 = Release|Any CPU
		{E36C2960-5187-4EF8-8C7C-9ECC991E0874}.Debug|Any CPU.ActiveCfg = Debug|Any CPU
		{E36C2960-5187-4EF8-8C7C-9ECC991E0874}.Debug|Any CPU.Build.0 = Debug|Any CPU
		{E36C2960-5187-4EF8-8C7C-9ECC991E0874}.Release|Any CPU.ActiveCfg = Release|Any CPU
		{E36C2960-5187-4EF8-8C7C-9ECC991E0874}.Release|Any CPU.Build.0 = Release|Any CPU
		{AE47EAD6-6A80-4E62-8898-6299BF9EA0A2}.Debug|Any CPU.ActiveCfg = Debug|Any CPU
		{AE47EAD6-6A80-4E62-8898-6299BF9EA0A2}.Debug|Any CPU.Build.0 = Debug|Any CPU
		{AE47EAD6-6A80-4E62-8898-6299BF9EA0A2}.Release|Any CPU.ActiveCfg = Release|Any CPU
		{AE47EAD6-6A80-4E62-8898-6299BF9EA0A2}.Release|Any CPU.Build.0 = Release|Any CPU
	EndGlobalSection
	GlobalSection(SolutionProperties) = preSolution
		HideSolutionNode = FALSE
	EndGlobalSection
EndGlobal
