
Microsoft Visual Studio Solution File, Format Version 12.00
# Visual Studio 14
VisualStudioVersion = 14.0.25420.1
MinimumVisualStudioVersion = 10.0.40219.1
Project("{FAE04EC0-301F-11D3-BF4B-00C04F79EFBC}") = "EOBOSigner", "CertUtilities\EOBOSigner\EOBOSigner.csproj", "{8887232D-A505-4748-92FD-733F6DB36841}"
EndProject
Project("{FAE04EC0-301F-11D3-BF4B-00C04F79EFBC}") = "RevokeCert", "CertUtilities\RevokeCert\RevokeCert.csproj", "{9B805BCF-A80D-43FA-880A-D213AC3F11F7}"
EndProject
Project("{FAE04EC0-301F-11D3-BF4B-00C04F79EFBC}") = "HSMRNG", "CertUtilities\HSMRNG\HSMRNG.csproj", "{E36C2960-5187-4EF8-8C7C-9ECC991E0874}"
EndProject
Project("{FAE04EC0-301F-11D3-BF4B-00C04F79EFBC}") = "EnrollmentStation", "EnrollmentStation\EnrollmentStation.csproj", "{AE47EAD6-6A80-4E62-8898-6299BF9EA0A2}"
	ProjectSection(ProjectDependencies) = postProject
		{0BACEB8E-785C-4F88-82C0-35C60B274ACA} = {0BACEB8E-785C-4F88-82C0-35C60B274ACA}
	EndProjectSection
EndProject
Project("{FAE04EC0-301F-11D3-BF4B-00C04F79EFBC}") = "CertTemplateLister", "CertTemplateLister\CertTemplateLister.csproj", "{A4B66964-E2CD-40A5-A1DD-F524CF1F3C8F}"
EndProject
Project("{FAE04EC0-301F-11D3-BF4B-00C04F79EFBC}") = "YubicoLib", "YubicoLib\YubicoLib.csproj", "{0BACEB8E-785C-4F88-82C0-35C60B274ACA}"
EndProject
Project("{FAE04EC0-301F-11D3-BF4B-00C04F79EFBC}") = "YubicoLib.TestTool", "YubicoLib.TestTool\YubicoLib.TestTool.csproj", "{95DE16FC-1BFA-4EE1-BBA7-B8B92281FA5C}"
EndProject
Global
	GlobalSection(SolutionConfigurationPlatforms) = preSolution
		Debug|Any CPU = Debug|Any CPU
		Debug|x86 = Debug|x86
		Release|Any CPU = Release|Any CPU
		Release|x86 = Release|x86
	EndGlobalSection
	GlobalSection(ProjectConfigurationPlatforms) = postSolution
		{8887232D-A505-4748-92FD-733F6DB36841}.Debug|Any CPU.ActiveCfg = Debug|Any CPU
		{8887232D-A505-4748-92FD-733F6DB36841}.Debug|Any CPU.Build.0 = Debug|Any CPU
		{8887232D-A505-4748-92FD-733F6DB36841}.Debug|x86.ActiveCfg = Debug|x86
		{8887232D-A505-4748-92FD-733F6DB36841}.Debug|x86.Build.0 = Debug|x86
		{8887232D-A505-4748-92FD-733F6DB36841}.Release|Any CPU.ActiveCfg = Release|Any CPU
		{8887232D-A505-4748-92FD-733F6DB36841}.Release|Any CPU.Build.0 = Release|Any CPU
		{8887232D-A505-4748-92FD-733F6DB36841}.Release|x86.ActiveCfg = Release|x86
		{8887232D-A505-4748-92FD-733F6DB36841}.Release|x86.Build.0 = Release|x86
		{9B805BCF-A80D-43FA-880A-D213AC3F11F7}.Debug|Any CPU.ActiveCfg = Debug|Any CPU
		{9B805BCF-A80D-43FA-880A-D213AC3F11F7}.Debug|Any CPU.Build.0 = Debug|Any CPU
		{9B805BCF-A80D-43FA-880A-D213AC3F11F7}.Debug|x86.ActiveCfg = Debug|x86
		{9B805BCF-A80D-43FA-880A-D213AC3F11F7}.Debug|x86.Build.0 = Debug|x86
		{9B805BCF-A80D-43FA-880A-D213AC3F11F7}.Release|Any CPU.ActiveCfg = Release|Any CPU
		{9B805BCF-A80D-43FA-880A-D213AC3F11F7}.Release|Any CPU.Build.0 = Release|Any CPU
		{9B805BCF-A80D-43FA-880A-D213AC3F11F7}.Release|x86.ActiveCfg = Release|x86
		{9B805BCF-A80D-43FA-880A-D213AC3F11F7}.Release|x86.Build.0 = Release|x86
		{E36C2960-5187-4EF8-8C7C-9ECC991E0874}.Debug|Any CPU.ActiveCfg = Debug|Any CPU
		{E36C2960-5187-4EF8-8C7C-9ECC991E0874}.Debug|Any CPU.Build.0 = Debug|Any CPU
		{E36C2960-5187-4EF8-8C7C-9ECC991E0874}.Debug|x86.ActiveCfg = Debug|x86
		{E36C2960-5187-4EF8-8C7C-9ECC991E0874}.Debug|x86.Build.0 = Debug|x86
		{E36C2960-5187-4EF8-8C7C-9ECC991E0874}.Release|Any CPU.ActiveCfg = Release|Any CPU
		{E36C2960-5187-4EF8-8C7C-9ECC991E0874}.Release|Any CPU.Build.0 = Release|Any CPU
		{E36C2960-5187-4EF8-8C7C-9ECC991E0874}.Release|x86.ActiveCfg = Release|x86
		{E36C2960-5187-4EF8-8C7C-9ECC991E0874}.Release|x86.Build.0 = Release|x86
		{AE47EAD6-6A80-4E62-8898-6299BF9EA0A2}.Debug|Any CPU.ActiveCfg = Debug|Any CPU
		{AE47EAD6-6A80-4E62-8898-6299BF9EA0A2}.Debug|Any CPU.Build.0 = Debug|Any CPU
		{AE47EAD6-6A80-4E62-8898-6299BF9EA0A2}.Debug|x86.ActiveCfg = Debug|x86
		{AE47EAD6-6A80-4E62-8898-6299BF9EA0A2}.Debug|x86.Build.0 = Debug|x86
		{AE47EAD6-6A80-4E62-8898-6299BF9EA0A2}.Release|Any CPU.ActiveCfg = Release|Any CPU
		{AE47EAD6-6A80-4E62-8898-6299BF9EA0A2}.Release|Any CPU.Build.0 = Release|Any CPU
		{AE47EAD6-6A80-4E62-8898-6299BF9EA0A2}.Release|x86.ActiveCfg = Release|x86
		{AE47EAD6-6A80-4E62-8898-6299BF9EA0A2}.Release|x86.Build.0 = Release|x86
		{A4B66964-E2CD-40A5-A1DD-F524CF1F3C8F}.Debug|Any CPU.ActiveCfg = Debug|Any CPU
		{A4B66964-E2CD-40A5-A1DD-F524CF1F3C8F}.Debug|Any CPU.Build.0 = Debug|Any CPU
		{A4B66964-E2CD-40A5-A1DD-F524CF1F3C8F}.Debug|x86.ActiveCfg = Debug|Any CPU
		{A4B66964-E2CD-40A5-A1DD-F524CF1F3C8F}.Debug|x86.Build.0 = Debug|Any CPU
		{A4B66964-E2CD-40A5-A1DD-F524CF1F3C8F}.Release|Any CPU.ActiveCfg = Release|Any CPU
		{A4B66964-E2CD-40A5-A1DD-F524CF1F3C8F}.Release|Any CPU.Build.0 = Release|Any CPU
		{A4B66964-E2CD-40A5-A1DD-F524CF1F3C8F}.Release|x86.ActiveCfg = Release|Any CPU
		{A4B66964-E2CD-40A5-A1DD-F524CF1F3C8F}.Release|x86.Build.0 = Release|Any CPU
		{0BACEB8E-785C-4F88-82C0-35C60B274ACA}.Debug|Any CPU.ActiveCfg = Debug|Any CPU
		{0BACEB8E-785C-4F88-82C0-35C60B274ACA}.Debug|Any CPU.Build.0 = Debug|Any CPU
		{0BACEB8E-785C-4F88-82C0-35C60B274ACA}.Debug|x86.ActiveCfg = Debug|Any CPU
		{0BACEB8E-785C-4F88-82C0-35C60B274ACA}.Debug|x86.Build.0 = Debug|Any CPU
		{0BACEB8E-785C-4F88-82C0-35C60B274ACA}.Release|Any CPU.ActiveCfg = Release|Any CPU
		{0BACEB8E-785C-4F88-82C0-35C60B274ACA}.Release|Any CPU.Build.0 = Release|Any CPU
		{0BACEB8E-785C-4F88-82C0-35C60B274ACA}.Release|x86.ActiveCfg = Release|Any CPU
		{0BACEB8E-785C-4F88-82C0-35C60B274ACA}.Release|x86.Build.0 = Release|Any CPU
		{95DE16FC-1BFA-4EE1-BBA7-B8B92281FA5C}.Debug|Any CPU.ActiveCfg = Debug|Any CPU
		{95DE16FC-1BFA-4EE1-BBA7-B8B92281FA5C}.Debug|Any CPU.Build.0 = Debug|Any CPU
		{95DE16FC-1BFA-4EE1-BBA7-B8B92281FA5C}.Debug|x86.ActiveCfg = Debug|Any CPU
		{95DE16FC-1BFA-4EE1-BBA7-B8B92281FA5C}.Debug|x86.Build.0 = Debug|Any CPU
		{95DE16FC-1BFA-4EE1-BBA7-B8B92281FA5C}.Release|Any CPU.ActiveCfg = Release|Any CPU
		{95DE16FC-1BFA-4EE1-BBA7-B8B92281FA5C}.Release|Any CPU.Build.0 = Release|Any CPU
		{95DE16FC-1BFA-4EE1-BBA7-B8B92281FA5C}.Release|x86.ActiveCfg = Release|Any CPU
		{95DE16FC-1BFA-4EE1-BBA7-B8B92281FA5C}.Release|x86.Build.0 = Release|Any CPU
	EndGlobalSection
	GlobalSection(SolutionProperties) = preSolution
		HideSolutionNode = FALSE
	EndGlobalSection
EndGlobal
